
Microsoft Visual Studio Solution File, Format Version 12.00
# Visual Studio Version 17
VisualStudioVersion = 17.14.36109.1 d17.14
MinimumVisualStudioVersion = 10.0.40219.1
Project("{FAE04EC0-301F-11D3-BF4B-00C04F79EFBC}") = "MunicipalServices", "MunicipalServices\MunicipalServices.csproj", "{CA4DB82E-2308-49A8-A0FF-779B26619212}"
EndProject
Global
	GlobalSection(SolutionConfigurationPlatforms) = preSolution
		Debug|Any CPU = Debug|Any CPU
		Release|Any CPU = Release|Any CPU
	EndGlobalSection
	GlobalSection(ProjectConfigurationPlatforms) = postSolution
		{CA4DB82E-2308-49A8-A0FF-779B26619212}.Debug|Any CPU.ActiveCfg = Debug|Any CPU
		{CA4DB82E-2308-49A8-A0FF-779B26619212}.Debug|Any CPU.Build.0 = Debug|Any CPU
		{CA4DB82E-2308-49A8-A0FF-779B26619212}.Release|Any CPU.ActiveCfg = Release|Any CPU
		{CA4DB82E-2308-49A8-A0FF-779B26619212}.Release|Any CPU.Build.0 = Release|Any CPU
	EndGlobalSection
	GlobalSection(SolutionProperties) = preSolution
		HideSolutionNode = FALSE
	EndGlobalSection
	GlobalSection(ExtensibilityGlobals) = postSolution
		SolutionGuid = {0B34DFC3-3550-46F5-9ACF-3D4D02018698}
	EndGlobalSection
EndGlobal
